
Microsoft Visual Studio Solution File, Format Version 12.00
# Visual Studio Version 17
VisualStudioVersion = 17.4.33110.190
MinimumVisualStudioVersion = 10.0.40219.1
Project("{FAE04EC0-301F-11D3-BF4B-00C04F79EFBC}") = "Day_5", "Day_5\Day_5.csproj", "{09D6C138-B39E-4F6D-B7F8-65E54B0CA33B}"
EndProject
Global
	GlobalSection(SolutionConfigurationPlatforms) = preSolution
		Debug|Any CPU = Debug|Any CPU
		Release|Any CPU = Release|Any CPU
	EndGlobalSection
	GlobalSection(ProjectConfigurationPlatforms) = postSolution
		{09D6C138-B39E-4F6D-B7F8-65E54B0CA33B}.Debug|Any CPU.ActiveCfg = Debug|Any CPU
		{09D6C138-B39E-4F6D-B7F8-65E54B0CA33B}.Debug|Any CPU.Build.0 = Debug|Any CPU
		{09D6C138-B39E-4F6D-B7F8-65E54B0CA33B}.Release|Any CPU.ActiveCfg = Release|Any CPU
		{09D6C138-B39E-4F6D-B7F8-65E54B0CA33B}.Release|Any CPU.Build.0 = Release|Any CPU
	EndGlobalSection
	GlobalSection(SolutionProperties) = preSolution
		HideSolutionNode = FALSE
	EndGlobalSection
	GlobalSection(ExtensibilityGlobals) = postSolution
		SolutionGuid = {AB6CD424-790D-4464-97B6-6674A081ACA8}
	EndGlobalSection
EndGlobal
